
Microsoft Visual Studio Solution File, Format Version 12.00
# Visual Studio Version 16
VisualStudioVersion = 16.0.30711.63
MinimumVisualStudioVersion = 10.0.40219.1
Project("{FAE04EC0-301F-11D3-BF4B-00C04F79EFBC}") = "ReactiveForms5", "ReactiveForms5\ReactiveForms5.csproj", "{16205E80-87AD-4338-85C4-389130B71B7C}"
EndProject
Global
	GlobalSection(SolutionConfigurationPlatforms) = preSolution
		Debug|Any CPU = Debug|Any CPU
		Release|Any CPU = Release|Any CPU
	EndGlobalSection
	GlobalSection(ProjectConfigurationPlatforms) = postSolution
		{16205E80-87AD-4338-85C4-389130B71B7C}.Debug|Any CPU.ActiveCfg = Debug|Any CPU
		{16205E80-87AD-4338-85C4-389130B71B7C}.Debug|Any CPU.Build.0 = Debug|Any CPU
		{16205E80-87AD-4338-85C4-389130B71B7C}.Release|Any CPU.ActiveCfg = Release|Any CPU
		{16205E80-87AD-4338-85C4-389130B71B7C}.Release|Any CPU.Build.0 = Release|Any CPU
	EndGlobalSection
	GlobalSection(SolutionProperties) = preSolution
		HideSolutionNode = FALSE
	EndGlobalSection
	GlobalSection(ExtensibilityGlobals) = postSolution
		SolutionGuid = {AA18D4DF-49A6-4F08-A361-7178B3FF1B7B}
	EndGlobalSection
EndGlobal
